
Microsoft Visual Studio Solution File, Format Version 12.00
# Visual Studio Version 16
VisualStudioVersion = 16.0.29806.167
MinimumVisualStudioVersion = 10.0.40219.1
Project("{9A19103F-16F7-4668-BE54-9A1E7A4F7556}") = "Web", "Microservices\Web.csproj", "{6BB581E9-36A3-48A5-8777-C0B9E6210731}"
EndProject
Project("{2150E333-8FDC-42A3-9474-1A3956D46DE8}") = "Task", "Task", "{ECABF692-7DED-4400-AC3C-761DBB808D91}"
EndProject
Project("{9A19103F-16F7-4668-BE54-9A1E7A4F7556}") = "Task.API", "Task.API\Task.API.csproj", "{50043CC6-915B-47A7-8EFA-213DC38D408A}"
EndProject
Project("{9A19103F-16F7-4668-BE54-9A1E7A4F7556}") = "Task.Infrastructure", "Task.Infrastructure\Task.Infrastructure.csproj", "{1355761C-D2CB-4A7B-BD60-D7CA3479F4FA}"
EndProject
Project("{9A19103F-16F7-4668-BE54-9A1E7A4F7556}") = "Task.Domain", "Task.Domain\Task.Domain.csproj", "{A4CC16F8-16ED-4BD1-A851-A51B738A69FB}"
EndProject
Project("{2150E333-8FDC-42A3-9474-1A3956D46DE8}") = "User", "User", "{AD5E272B-71F8-4331-B616-8B2F71048B2E}"
EndProject
Project("{FAE04EC0-301F-11D3-BF4B-00C04F79EFBC}") = "User.API", "User.API\User.API.csproj", "{0DFCE9AF-B093-4BBA-B1CB-5D70BF851549}"
EndProject
Project("{FAE04EC0-301F-11D3-BF4B-00C04F79EFBC}") = "User.Domain", "User.Domain\User.Domain.csproj", "{073A594C-B990-4824-8C6F-28E2BD22AB55}"
EndProject
Project("{FAE04EC0-301F-11D3-BF4B-00C04F79EFBC}") = "User.Infrastructure", "User.Infrastructure\User.Infrastructure.csproj", "{E782D4B3-8D26-475C-A552-412FE1BC6ED4}"
EndProject
Project("{2150E333-8FDC-42A3-9474-1A3956D46DE8}") = "Notification", "Notification", "{C19F9BF4-A1EB-4857-9230-DFDF0BC327DE}"
EndProject
Project("{FAE04EC0-301F-11D3-BF4B-00C04F79EFBC}") = "Notification.API", "Notification.API\Notification.API.csproj", "{12DD1BB8-DB55-4CFD-930B-4D7D8BBEF10E}"
EndProject
Project("{FAE04EC0-301F-11D3-BF4B-00C04F79EFBC}") = "Notification.Domain", "Notification.Domain\Notification.Domain.csproj", "{7977DDDD-2AE7-4F14-9B47-CCD0A3863645}"
EndProject
Project("{FAE04EC0-301F-11D3-BF4B-00C04F79EFBC}") = "Notification.Infrastructure", "Notification.Infrastructure\Notification.Infrastructure.csproj", "{68BB4C4A-EA51-4B38-8601-A25E30451B63}"
EndProject
Global
	GlobalSection(SolutionConfigurationPlatforms) = preSolution
		Debug|Any CPU = Debug|Any CPU
		Release|Any CPU = Release|Any CPU
	EndGlobalSection
	GlobalSection(ProjectConfigurationPlatforms) = postSolution
		{6BB581E9-36A3-48A5-8777-C0B9E6210731}.Debug|Any CPU.ActiveCfg = Debug|Any CPU
		{6BB581E9-36A3-48A5-8777-C0B9E6210731}.Debug|Any CPU.Build.0 = Debug|Any CPU
		{6BB581E9-36A3-48A5-8777-C0B9E6210731}.Release|Any CPU.ActiveCfg = Release|Any CPU
		{6BB581E9-36A3-48A5-8777-C0B9E6210731}.Release|Any CPU.Build.0 = Release|Any CPU
		{50043CC6-915B-47A7-8EFA-213DC38D408A}.Debug|Any CPU.ActiveCfg = Debug|Any CPU
		{50043CC6-915B-47A7-8EFA-213DC38D408A}.Debug|Any CPU.Build.0 = Debug|Any CPU
		{50043CC6-915B-47A7-8EFA-213DC38D408A}.Release|Any CPU.ActiveCfg = Release|Any CPU
		{50043CC6-915B-47A7-8EFA-213DC38D408A}.Release|Any CPU.Build.0 = Release|Any CPU
		{1355761C-D2CB-4A7B-BD60-D7CA3479F4FA}.Debug|Any CPU.ActiveCfg = Debug|Any CPU
		{1355761C-D2CB-4A7B-BD60-D7CA3479F4FA}.Debug|Any CPU.Build.0 = Debug|Any CPU
		{1355761C-D2CB-4A7B-BD60-D7CA3479F4FA}.Release|Any CPU.ActiveCfg = Release|Any CPU
		{1355761C-D2CB-4A7B-BD60-D7CA3479F4FA}.Release|Any CPU.Build.0 = Release|Any CPU
		{A4CC16F8-16ED-4BD1-A851-A51B738A69FB}.Debug|Any CPU.ActiveCfg = Debug|Any CPU
		{A4CC16F8-16ED-4BD1-A851-A51B738A69FB}.Debug|Any CPU.Build.0 = Debug|Any CPU
		{A4CC16F8-16ED-4BD1-A851-A51B738A69FB}.Release|Any CPU.ActiveCfg = Release|Any CPU
		{A4CC16F8-16ED-4BD1-A851-A51B738A69FB}.Release|Any CPU.Build.0 = Release|Any CPU
		{0DFCE9AF-B093-4BBA-B1CB-5D70BF851549}.Debug|Any CPU.ActiveCfg = Debug|Any CPU
		{0DFCE9AF-B093-4BBA-B1CB-5D70BF851549}.Debug|Any CPU.Build.0 = Debug|Any CPU
		{0DFCE9AF-B093-4BBA-B1CB-5D70BF851549}.Release|Any CPU.ActiveCfg = Release|Any CPU
		{0DFCE9AF-B093-4BBA-B1CB-5D70BF851549}.Release|Any CPU.Build.0 = Release|Any CPU
		{073A594C-B990-4824-8C6F-28E2BD22AB55}.Debug|Any CPU.ActiveCfg = Debug|Any CPU
		{073A594C-B990-4824-8C6F-28E2BD22AB55}.Debug|Any CPU.Build.0 = Debug|Any CPU
		{073A594C-B990-4824-8C6F-28E2BD22AB55}.Release|Any CPU.ActiveCfg = Release|Any CPU
		{073A594C-B990-4824-8C6F-28E2BD22AB55}.Release|Any CPU.Build.0 = Release|Any CPU
		{E782D4B3-8D26-475C-A552-412FE1BC6ED4}.Debug|Any CPU.ActiveCfg = Debug|Any CPU
		{E782D4B3-8D26-475C-A552-412FE1BC6ED4}.Debug|Any CPU.Build.0 = Debug|Any CPU
		{E782D4B3-8D26-475C-A552-412FE1BC6ED4}.Release|Any CPU.ActiveCfg = Release|Any CPU
		{E782D4B3-8D26-475C-A552-412FE1BC6ED4}.Release|Any CPU.Build.0 = Release|Any CPU
		{12DD1BB8-DB55-4CFD-930B-4D7D8BBEF10E}.Debug|Any CPU.ActiveCfg = Debug|Any CPU
		{12DD1BB8-DB55-4CFD-930B-4D7D8BBEF10E}.Debug|Any CPU.Build.0 = Debug|Any CPU
		{12DD1BB8-DB55-4CFD-930B-4D7D8BBEF10E}.Release|Any CPU.ActiveCfg = Release|Any CPU
		{12DD1BB8-DB55-4CFD-930B-4D7D8BBEF10E}.Release|Any CPU.Build.0 = Release|Any CPU
		{7977DDDD-2AE7-4F14-9B47-CCD0A3863645}.Debug|Any CPU.ActiveCfg = Debug|Any CPU
		{7977DDDD-2AE7-4F14-9B47-CCD0A3863645}.Debug|Any CPU.Build.0 = Debug|Any CPU
		{7977DDDD-2AE7-4F14-9B47-CCD0A3863645}.Release|Any CPU.ActiveCfg = Release|Any CPU
		{7977DDDD-2AE7-4F14-9B47-CCD0A3863645}.Release|Any CPU.Build.0 = Release|Any CPU
		{68BB4C4A-EA51-4B38-8601-A25E30451B63}.Debug|Any CPU.ActiveCfg = Debug|Any CPU
		{68BB4C4A-EA51-4B38-8601-A25E30451B63}.Debug|Any CPU.Build.0 = Debug|Any CPU
		{68BB4C4A-EA51-4B38-8601-A25E30451B63}.Release|Any CPU.ActiveCfg = Release|Any CPU
		{68BB4C4A-EA51-4B38-8601-A25E30451B63}.Release|Any CPU.Build.0 = Release|Any CPU
	EndGlobalSection
	GlobalSection(SolutionProperties) = preSolution
		HideSolutionNode = FALSE
	EndGlobalSection
	GlobalSection(NestedProjects) = preSolution
		{50043CC6-915B-47A7-8EFA-213DC38D408A} = {ECABF692-7DED-4400-AC3C-761DBB808D91}
		{1355761C-D2CB-4A7B-BD60-D7CA3479F4FA} = {ECABF692-7DED-4400-AC3C-761DBB808D91}
		{A4CC16F8-16ED-4BD1-A851-A51B738A69FB} = {ECABF692-7DED-4400-AC3C-761DBB808D91}
		{0DFCE9AF-B093-4BBA-B1CB-5D70BF851549} = {AD5E272B-71F8-4331-B616-8B2F71048B2E}
		{073A594C-B990-4824-8C6F-28E2BD22AB55} = {AD5E272B-71F8-4331-B616-8B2F71048B2E}
		{E782D4B3-8D26-475C-A552-412FE1BC6ED4} = {AD5E272B-71F8-4331-B616-8B2F71048B2E}
		{12DD1BB8-DB55-4CFD-930B-4D7D8BBEF10E} = {C19F9BF4-A1EB-4857-9230-DFDF0BC327DE}
		{7977DDDD-2AE7-4F14-9B47-CCD0A3863645} = {C19F9BF4-A1EB-4857-9230-DFDF0BC327DE}
		{68BB4C4A-EA51-4B38-8601-A25E30451B63} = {C19F9BF4-A1EB-4857-9230-DFDF0BC327DE}
	EndGlobalSection
	GlobalSection(ExtensibilityGlobals) = postSolution
		SolutionGuid = {A72F5D0B-608A-4442-A25C-808081FF9AE1}
	EndGlobalSection
EndGlobal
