
Microsoft Visual Studio Solution File, Format Version 12.00
# Visual Studio Version 16
VisualStudioVersion = 16.0.29806.167
MinimumVisualStudioVersion = 10.0.40219.1
Project("{9A19103F-16F7-4668-BE54-9A1E7A4F7556}") = "Web", "Microservices\Web.csproj", "{6BB581E9-36A3-48A5-8777-C0B9E6210731}"
EndProject
Project("{2150E333-8FDC-42A3-9474-1A3956D46DE8}") = "Task", "Task", "{ECABF692-7DED-4400-AC3C-761DBB808D91}"
EndProject
Project("{9A19103F-16F7-4668-BE54-9A1E7A4F7556}") = "Task.API", "Task.API\Task.API.csproj", "{50043CC6-915B-47A7-8EFA-213DC38D408A}"
EndProject
Project("{9A19103F-16F7-4668-BE54-9A1E7A4F7556}") = "Task.Infrastructure", "Task.Infrastructure\Task.Infrastructure.csproj", "{1355761C-D2CB-4A7B-BD60-D7CA3479F4FA}"
EndProject
Project("{9A19103F-16F7-4668-BE54-9A1E7A4F7556}") = "Task.Domain", "Task.Domain\Task.Domain.csproj", "{A4CC16F8-16ED-4BD1-A851-A51B738A69FB}"
EndProject
Project("{00D1A9C2-B5F0-4AF3-8072-F6C62B433612}") = "Task.Database", "Task.Database\Task.Database.sqlproj", "{1FF61140-511D-438D-8D20-F83E413A94FB}"
EndProject
Global
	GlobalSection(SolutionConfigurationPlatforms) = preSolution
		Debug|Any CPU = Debug|Any CPU
		Release|Any CPU = Release|Any CPU
	EndGlobalSection
	GlobalSection(ProjectConfigurationPlatforms) = postSolution
		{6BB581E9-36A3-48A5-8777-C0B9E6210731}.Debug|Any CPU.ActiveCfg = Debug|Any CPU
		{6BB581E9-36A3-48A5-8777-C0B9E6210731}.Debug|Any CPU.Build.0 = Debug|Any CPU
		{6BB581E9-36A3-48A5-8777-C0B9E6210731}.Release|Any CPU.ActiveCfg = Release|Any CPU
		{6BB581E9-36A3-48A5-8777-C0B9E6210731}.Release|Any CPU.Build.0 = Release|Any CPU
		{50043CC6-915B-47A7-8EFA-213DC38D408A}.Debug|Any CPU.ActiveCfg = Debug|Any CPU
		{50043CC6-915B-47A7-8EFA-213DC38D408A}.Debug|Any CPU.Build.0 = Debug|Any CPU
		{50043CC6-915B-47A7-8EFA-213DC38D408A}.Release|Any CPU.ActiveCfg = Release|Any CPU
		{50043CC6-915B-47A7-8EFA-213DC38D408A}.Release|Any CPU.Build.0 = Release|Any CPU
		{1355761C-D2CB-4A7B-BD60-D7CA3479F4FA}.Debug|Any CPU.ActiveCfg = Debug|Any CPU
		{1355761C-D2CB-4A7B-BD60-D7CA3479F4FA}.Debug|Any CPU.Build.0 = Debug|Any CPU
		{1355761C-D2CB-4A7B-BD60-D7CA3479F4FA}.Release|Any CPU.ActiveCfg = Release|Any CPU
		{1355761C-D2CB-4A7B-BD60-D7CA3479F4FA}.Release|Any CPU.Build.0 = Release|Any CPU
		{A4CC16F8-16ED-4BD1-A851-A51B738A69FB}.Debug|Any CPU.ActiveCfg = Debug|Any CPU
		{A4CC16F8-16ED-4BD1-A851-A51B738A69FB}.Debug|Any CPU.Build.0 = Debug|Any CPU
		{A4CC16F8-16ED-4BD1-A851-A51B738A69FB}.Release|Any CPU.ActiveCfg = Release|Any CPU
		{A4CC16F8-16ED-4BD1-A851-A51B738A69FB}.Release|Any CPU.Build.0 = Release|Any CPU
		{1FF61140-511D-438D-8D20-F83E413A94FB}.Debug|Any CPU.ActiveCfg = Debug|Any CPU
		{1FF61140-511D-438D-8D20-F83E413A94FB}.Debug|Any CPU.Build.0 = Debug|Any CPU
		{1FF61140-511D-438D-8D20-F83E413A94FB}.Debug|Any CPU.Deploy.0 = Debug|Any CPU
		{1FF61140-511D-438D-8D20-F83E413A94FB}.Release|Any CPU.ActiveCfg = Release|Any CPU
		{1FF61140-511D-438D-8D20-F83E413A94FB}.Release|Any CPU.Build.0 = Release|Any CPU
		{1FF61140-511D-438D-8D20-F83E413A94FB}.Release|Any CPU.Deploy.0 = Release|Any CPU
	EndGlobalSection
	GlobalSection(SolutionProperties) = preSolution
		HideSolutionNode = FALSE
	EndGlobalSection
	GlobalSection(NestedProjects) = preSolution
		{50043CC6-915B-47A7-8EFA-213DC38D408A} = {ECABF692-7DED-4400-AC3C-761DBB808D91}
		{1355761C-D2CB-4A7B-BD60-D7CA3479F4FA} = {ECABF692-7DED-4400-AC3C-761DBB808D91}
		{A4CC16F8-16ED-4BD1-A851-A51B738A69FB} = {ECABF692-7DED-4400-AC3C-761DBB808D91}
		{1FF61140-511D-438D-8D20-F83E413A94FB} = {ECABF692-7DED-4400-AC3C-761DBB808D91}
	EndGlobalSection
	GlobalSection(ExtensibilityGlobals) = postSolution
		SolutionGuid = {A72F5D0B-608A-4442-A25C-808081FF9AE1}
	EndGlobalSection
EndGlobal
